PODS:
  - Flutter (1.0.0)
  - flutter_leak_find (0.0.1):
    - Flutter

DEPENDENCIES:
  - Flutter (from `Flutter`)
  - flutter_leak_find (from `.symlinks/plugins/flutter_leak_find/ios`)

EXTERNAL SOURCES:
  Flutter:
    :path: Flutter
  flutter_leak_find:
    :path: ".symlinks/plugins/flutter_leak_find/ios"

SPEC CHECKSUMS:
  Flutter: 0e3d915762c693b495b44d77113d4970485de6ec
  flutter_leak_find: a6d8c14943e61cefc1d7a584f5dff9b3e85c9d7e

PODFILE CHECKSUM: aafe91acc616949ddb318b77800a7f51bffa2a4c

COCOAPODS: 1.8.4
